
Microsoft Visual Studio Solution File, Format Version 12.00
# Visual Studio Version 16
VisualStudioVersion = 16.0.30413.136
MinimumVisualStudioVersion = 10.0.40219.1
Project("{9A19103F-16F7-4668-BE54-9A1E7A4F7556}") = "C380_Smooshed-Morse-Code-1", "C380_Smooshed-Morse-Code-1\C380_Smooshed-Morse-Code-1.csproj", "{FFBE9FB1-3345-49A6-9589-7CA00C0848E6}"
EndProject
Project("{FAE04EC0-301F-11D3-BF4B-00C04F79EFBC}") = "C380_Smooshed-Morse-Code-1_Test", "C380_Smooshed-Morse-Code-1_Test\C380_Smooshed-Morse-Code-1_Test.csproj", "{6EC267D8-F017-47C4-9C2F-B761CEAF61B7}"
EndProject
Global
	GlobalSection(SolutionConfigurationPlatforms) = preSolution
		Debug|Any CPU = Debug|Any CPU
		Release|Any CPU = Release|Any CPU
	EndGlobalSection
	GlobalSection(ProjectConfigurationPlatforms) = postSolution
		{FFBE9FB1-3345-49A6-9589-7CA00C0848E6}.Debug|Any CPU.ActiveCfg = Debug|Any CPU
		{FFBE9FB1-3345-49A6-9589-7CA00C0848E6}.Debug|Any CPU.Build.0 = Debug|Any CPU
		{FFBE9FB1-3345-49A6-9589-7CA00C0848E6}.Release|Any CPU.ActiveCfg = Release|Any CPU
		{FFBE9FB1-3345-49A6-9589-7CA00C0848E6}.Release|Any CPU.Build.0 = Release|Any CPU
		{6EC267D8-F017-47C4-9C2F-B761CEAF61B7}.Debug|Any CPU.ActiveCfg = Debug|Any CPU
		{6EC267D8-F017-47C4-9C2F-B761CEAF61B7}.Debug|Any CPU.Build.0 = Debug|Any CPU
		{6EC267D8-F017-47C4-9C2F-B761CEAF61B7}.Release|Any CPU.ActiveCfg = Release|Any CPU
		{6EC267D8-F017-47C4-9C2F-B761CEAF61B7}.Release|Any CPU.Build.0 = Release|Any CPU
	EndGlobalSection
	GlobalSection(SolutionProperties) = preSolution
		HideSolutionNode = FALSE
	EndGlobalSection
	GlobalSection(ExtensibilityGlobals) = postSolution
		SolutionGuid = {FADD5044-48FD-4BF4-9388-9D9E35088A3E}
	EndGlobalSection
EndGlobal
